{
  "name": "backup-cache-interop",
  "lockfileVersion": 3,
  "requires": true,
  "packages": {
    "": {
      "name": "backup-cache-interop",
      "dependencies": {
        "@bsv/auth": "^0.1.3",
        "@bsv/backup-cache-client": "file:../ts-client",
        "@bsv/sdk": "^2.4.1"
      }
    },
    "../ts-client": {
      "name": "@bsv/backup-cache-client",
      "version": "0.1.0",
      "license": "Open BSV License",
      "dependencies": {
        "@bsv/auth": "^0.1.3"
      },
      "devDependencies": {
        "@bsv/sdk": "^2.4.1",
        "typescript": "^5.6.0"
      },
      "peerDependencies": {
        "@bsv/sdk": "^2.4.1"
      }
    },
    "node_modules/@bsv/auth": {
      "version": "0.1.3",
      "resolved": "https://registry.npmjs.org/@bsv/auth/-/auth-0.1.3.tgz",
      "integrity": "sha512-l4EeDAKnWTOA6P4zDrP01vEssS7Ur+44hBnaFiSiLAKm2NR22WjrLiN7Nm0s9lxqLv9+MJjiVWp/cHH+CLsxig==",
      "license": "SEE LICENSE IN LICENSE.txt",
      "engines": {
        "node": ">=22"
      },
      "peerDependencies": {
        "@bsv/sdk": "^2.1.6"
      },
      "peerDependenciesMeta": {
        "@bsv/sdk": {
          "optional": false
        }
      }
    },
    "node_modules/@bsv/backup-cache-client": {
      "resolved": "../ts-client",
      "link": true
    },
    "node_modules/@bsv/sdk": {
      "version": "2.4.1",
      "resolved": "https://registry.npmjs.org/@bsv/sdk/-/sdk-2.4.1.tgz",
      "integrity": "sha512-iCsPJN3ESeV5ncg78lzkFKsJ6YFTIMN/6zLt7WPsL5iwzM5Rrg+/y+zjhFYcI7PFXhlXdqUehHefPLrxhljw8Q==",
      "license": "SEE LICENSE IN LICENSE.txt",
      "engines": {
        "node": ">=22"
      }
    }
  }
}
